{
  "name": "asanaguides",
  "lockfileVersion": 3,
  "requires": true,
  "packages": {
    "": {
      "name": "asanaguides",
      "dependencies": {
        "@anthropic-ai/sdk": "^0.124.0",
        "@supabase/supabase-js": "^2.39.0",
        "heic-convert": "^2.1.0",
        "nodemailer": "^6.9.14",
        "zod": "^4.5.4"
      }
    },
    "node_modules/@anthropic-ai/sdk": {
      "version": "0.124.0",
      "resolved": "https://registry.npmjs.org/@anthropic-ai/sdk/-/sdk-0.124.0.tgz",
      "integrity": "sha512-cN5O8i9UVxHeOQAzj/XjshWXG8KiibJDw9OGpH2Z/eR3n/RBxdoLxDJOcfqAJWvjaMDFfHTBADU04hWRJVkDyA==",
      "license": "MIT",
      "dependencies": {
        "json-schema-to-ts": "^3.1.1",
        "standardwebhooks": "^1.0.0"
      },
      "bin": {
        "anthropic-ai-sdk": "bin/cli"
      },
      "peerDependencies": {
        "zod": "^3.25.0 || ^4.0.0"
      },
      "peerDependenciesMeta": {
        "zod": {
          "optional": true
        }
      }
    },
    "node_modules/@babel/runtime": {
      "version": "7.29.7",
      "resolved": "https://registry.npmjs.org/@babel/runtime/-/runtime-7.29.7.tgz",
      "integrity": "sha512-Nq8OhGWiZIZGV6hLHoyAKLLcJihP/xFeBMGJoUrxTX2psI8dCifzLhZISFb+VWS3wFMRDmCGw5R+dOySCqPLhw==",
      "license": "MIT",
      "engines": {
        "node": ">=6.9.0"
      }
    },
    "node_modules/@stablelib/base64": {
      "version": "1.0.1",
      "resolved": "https://registry.npmjs.org/@stablelib/base64/-/base64-1.0.1.tgz",
      "integrity": "sha512-1bnPQqSxSuc3Ii6MhBysoWCg58j97aUjuCSZrGSmDxNqtytIi0k8utUenAwTZN4V5mXXYGsVUI9zeBqy+jBOSQ==",
      "license": "MIT"
    },
    "node_modules/@supabase/auth-js": {
      "version": "2.108.2",
      "resolved": "https://registry.npmjs.org/@supabase/auth-js/-/auth-js-2.108.2.tgz",
      "integrity": "sha512-tNaQmBgodDZwgB40mRwVbxFy8IDYwjdpcZ0BYrWiwlULCSQoJj4QoG4zgJT7QRPXcqipefNOzvO/qAu4dF98ag==",
      "license": "MIT",
      "dependencies": {
        "tslib": "2.8.1"
      },
      "engines": {
        "node": ">=20.0.0"
      }
    },
    "node_modules/@supabase/functions-js": {
      "version": "2.108.2",
      "resolved": "https://registry.npmjs.org/@supabase/functions-js/-/functions-js-2.108.2.tgz",
      "integrity": "sha512-RNUX8EiBy3iLwAX19jtRzLyePnl11/fHcgwDHLnpKcDSXt/5qBnh3LUwAtIjT21Q66QsmNUR2esrHziLCpNubw==",
      "license": "MIT",
      "dependencies": {
        "tslib": "2.8.1"
      },
      "engines": {
        "node": ">=20.0.0"
      }
    },
    "node_modules/@supabase/phoenix": {
      "version": "0.4.4",
      "resolved": "https://registry.npmjs.org/@supabase/phoenix/-/phoenix-0.4.4.tgz",
      "integrity": "sha512-Gt0pqoXuIqX/8dvG0OKp/wMCobXNH3klNbUPBNyOfN0YA1IswrM3HyWFMOPk1Jy+BRaIyDPcFx4jLBwHNmlyfQ==",
      "license": "MIT"
    },
    "node_modules/@supabase/postgrest-js": {
      "version": "2.108.2",
      "resolved": "https://registry.npmjs.org/@supabase/postgrest-js/-/postgrest-js-2.108.2.tgz",
      "integrity": "sha512-GQ28/Y8hk3CFmkb3kXH1h/AQx6JIYSQfO0CJMRVBcEKZoNy6C45cXAZ4fcJvRC5Id0cs6xnkUV0+c0rIocigsw==",
      "license": "MIT",
      "dependencies": {
        "tslib": "2.8.1"
      },
      "engines": {
        "node": ">=20.0.0"
      }
    },
    "node_modules/@supabase/realtime-js": {
      "version": "2.108.2",
      "resolved": "https://registry.npmjs.org/@supabase/realtime-js/-/realtime-js-2.108.2.tgz",
      "integrity": "sha512-aAGxCSUemZvQIibnCdvNvgaKib28I4rfrNjKbQ9cG1uBLwUsI7hVpGXgEbypCCDhLjQlDTAiJlu7rgljYUT73g==",
      "license": "MIT",
      "dependencies": {
        "@supabase/phoenix": "^0.4.2",
        "tslib": "2.8.1"
      },
      "engines": {
        "node": ">=20.0.0"
      }
    },
    "node_modules/@supabase/storage-js": {
      "version": "2.108.2",
      "resolved": "https://registry.npmjs.org/@supabase/storage-js/-/storage-js-2.108.2.tgz",
      "integrity": "sha512-TVZPQxXGxY2+A6yTtm77zUHsh70lBhYUEaJL8RQC+BghcX/ygiMG/rmXrNVBce30/WAeNPa8FiG8HbqlGeV05g==",
      "license": "MIT",
      "dependencies": {
        "iceberg-js": "^0.8.1",
        "tslib": "2.8.1"
      },
      "engines": {
        "node": ">=20.0.0"
      }
    },
    "node_modules/@supabase/supabase-js": {
      "version": "2.108.2",
      "resolved": "https://registry.npmjs.org/@supabase/supabase-js/-/supabase-js-2.108.2.tgz",
      "integrity": "sha512-hFhnPveb5JQg4a0QYicM0swT253YHMdfeRAl2BKHOlI5VAzuHxUGSr8RbwNLYNPauWOgQMS1H8sz8bvYlgwUfQ==",
      "license": "MIT",
      "dependencies": {
        "@supabase/auth-js": "2.108.2",
        "@supabase/functions-js": "2.108.2",
        "@supabase/postgrest-js": "2.108.2",
        "@supabase/realtime-js": "2.108.2",
        "@supabase/storage-js": "2.108.2"
      },
      "engines": {
        "node": ">=20.0.0"
      }
    },
    "node_modules/fast-sha256": {
      "version": "1.3.0",
      "resolved": "https://registry.npmjs.org/fast-sha256/-/fast-sha256-1.3.0.tgz",
      "integrity": "sha512-n11RGP/lrWEFI/bWdygLxhI+pVeo1ZYIVwvvPkW7azl/rOy+F3HYRZ2K5zeE9mmkhQppyv9sQFx0JM9UabnpPQ==",
      "license": "Unlicense"
    },
    "node_modules/heic-convert": {
      "version": "2.1.0",
      "resolved": "https://registry.npmjs.org/heic-convert/-/heic-convert-2.1.0.tgz",
      "integrity": "sha512-1qDuRvEHifTVAj3pFIgkqGgJIr0M3X7cxEPjEp0oG4mo8GFjq99DpCo8Eg3kg17Cy0MTjxpFdoBHOatj7ZVKtg==",
      "license": "ISC",
      "dependencies": {
        "heic-decode": "^2.0.0",
        "jpeg-js": "^0.4.4",
        "pngjs": "^6.0.0"
      },
      "engines": {
        "node": ">=12.0.0"
      }
    },
    "node_modules/heic-decode": {
      "version": "2.1.0",
      "resolved": "https://registry.npmjs.org/heic-decode/-/heic-decode-2.1.0.tgz",
      "integrity": "sha512-0fB3O3WMk38+PScbHLVp66jcNhsZ/ErtQ6u2lMYu/YxXgbBtl+oKOhGQHa4RpvE68k8IzbWkABzHnyAIjR758A==",
      "license": "ISC",
      "dependencies": {
        "libheif-js": "^1.19.8"
      },
      "engines": {
        "node": ">=8.0.0"
      }
    },
    "node_modules/iceberg-js": {
      "version": "0.8.1",
      "resolved": "https://registry.npmjs.org/iceberg-js/-/iceberg-js-0.8.1.tgz",
      "integrity": "sha512-1dhVQZXhcHje7798IVM+xoo/1ZdVfzOMIc8/rgVSijRK38EDqOJoGula9N/8ZI5RD8QTxNQtK/Gozpr+qUqRRA==",
      "license": "MIT",
      "engines": {
        "node": ">=20.0.0"
      }
    },
    "node_modules/jpeg-js": {
      "version": "0.4.4",
      "resolved": "https://registry.npmjs.org/jpeg-js/-/jpeg-js-0.4.4.tgz",
      "integrity": "sha512-WZzeDOEtTOBK4Mdsar0IqEU5sMr3vSV2RqkAIzUEV2BHnUfKGyswWFPFwK5EeDo93K3FohSHbLAjj0s1Wzd+dg==",
      "license": "BSD-3-Clause"
    },
    "node_modules/json-schema-to-ts": {
      "version": "3.1.1",
      "resolved": "https://registry.npmjs.org/json-schema-to-ts/-/json-schema-to-ts-3.1.1.tgz",
      "integrity": "sha512-+DWg8jCJG2TEnpy7kOm/7/AxaYoaRbjVB4LFZLySZlWn8exGs3A4OLJR966cVvU26N7X9TWxl+Jsw7dzAqKT6g==",
      "license": "MIT",
      "dependencies": {
        "@babel/runtime": "^7.18.3",
        "ts-algebra": "^2.0.0"
      },
      "engines": {
        "node": ">=16"
      }
    },
    "node_modules/libheif-js": {
      "version": "1.23.2",
      "resolved": "https://registry.npmjs.org/libheif-js/-/libheif-js-1.23.2.tgz",
      "integrity": "sha512-qvHIXtggEsw1lCNCWBYKloL2Z36DJBm0R9ThGiH2JnhKYdeZFLPFkP30Lw4yMskxxhx0bKg1gLrBHX1D2w2pSw==",
      "license": "LGPL-3.0",
      "engines": {
        "node": ">=8.0.0"
      }
    },
    "node_modules/nodemailer": {
      "version": "6.10.1",
      "resolved": "https://registry.npmjs.org/nodemailer/-/nodemailer-6.10.1.tgz",
      "integrity": "sha512-Z+iLaBGVaSjbIzQ4pX6XV41HrooLsQ10ZWPUehGmuantvzWoDVBnmsdUcOIDM1t+yPor5pDhVlDESgOMEGxhHA==",
      "license": "MIT-0",
      "engines": {
        "node": ">=6.0.0"
      }
    },
    "node_modules/pngjs": {
      "version": "6.0.0",
      "resolved": "https://registry.npmjs.org/pngjs/-/pngjs-6.0.0.tgz",
      "integrity": "sha512-TRzzuFRRmEoSW/p1KVAmiOgPco2Irlah+bGFCeNfJXxxYGwSw7YwAOAcd7X28K/m5bjBWKsC29KyoMfHbypayg==",
      "license": "MIT",
      "engines": {
        "node": ">=12.13.0"
      }
    },
    "node_modules/standardwebhooks": {
      "version": "1.1.1",
      "resolved": "https://registry.npmjs.org/standardwebhooks/-/standardwebhooks-1.1.1.tgz",
      "integrity": "sha512-bCbX9ZEyFkWPsRz7Bl3NuQUJohmwGSev/yhr7vhaGPlc4AfIrspIRa6cPTBuI1ItmrTDJ4d/S2hCsfe4+vQGnQ==",
      "license": "MIT",
      "dependencies": {
        "@stablelib/base64": "^1.0.0",
        "fast-sha256": "^1.3.0"
      }
    },
    "node_modules/ts-algebra": {
      "version": "2.0.0",
      "resolved": "https://registry.npmjs.org/ts-algebra/-/ts-algebra-2.0.0.tgz",
      "integrity": "sha512-FPAhNPFMrkwz76P7cdjdmiShwMynZYN6SgOujD1urY4oNm80Ou9oMdmbR45LotcKOXoy7wSmHkRFE6Mxbrhefw==",
      "license": "MIT"
    },
    "node_modules/tslib": {
      "version": "2.8.1",
      "resolved": "https://registry.npmjs.org/tslib/-/tslib-2.8.1.tgz",
      "integrity": "sha512-oJFu94HQb+KVduSUQL7wnpmqnfmLsOA/nAh6b6EH0wCEoK0/mPeXU6c3wKDV83MkOuHPRHtSXKKU99IBazS/2w==",
      "license": "0BSD"
    },
    "node_modules/zod": {
      "version": "4.5.4",
      "resolved": "https://registry.npmjs.org/zod/-/zod-4.5.4.tgz",
      "integrity": "sha512-sC95tT5iHHH9gtpj6A81kh+NEaRAUFN+qlUPDUbRfOMvNf5QCBqsb3WgvnpVtK5Y+4UfA6KqufotuTvMGiTlsA==",
      "license": "MIT",
      "funding": {
        "url": "https://github.com/sponsors/colinhacks"
      }
    }
  }
}
